
Microsoft Visual Studio Solution File, Format Version 12.00
# Visual Studio Version 16
VisualStudioVersion = 16.0.29613.14
MinimumVisualStudioVersion = 10.0.40219.1
Project("{2150E333-8FDC-42A3-9474-1A3956D46DE8}") = "Solution Items", "Solution Items", "{6A200928-7AF6-4CA8-84F8-CCAA879C4334}"
	ProjectSection(SolutionItems) = preProject
		.gitignore = .gitignore
		azure-pipelines.yml = azure-pipelines.yml
		BuildDockerImages.ps1 = BuildDockerImages.ps1
		CreateCacheDockerImage.ps1 = CreateCacheDockerImage.ps1
		DeleteDevelopmentSqlServer.ps1 = DeleteDevelopmentSqlServer.ps1
		LICENSE = LICENSE
		nuget.config = nuget.config
		README.md = README.md
		StartApplicationInDockerContainers.ps1 = StartApplicationInDockerContainers.ps1
		StartDevelopmentSqlServers.ps1 = StartDevelopmentSqlServers.ps1
	EndProjectSection
EndProject
Project("{9A19103F-16F7-4668-BE54-9A1E7A4F7556}") = "ShortUrl.RedirectApi", "ShortUrl.RedirectApi\ShortUrl.RedirectApi.csproj", "{DA8649A3-767F-403F-8D02-150C45FFA306}"
EndProject
Project("{9A19103F-16F7-4668-BE54-9A1E7A4F7556}") = "ShortUrl.UrlManagementApi", "ShortUrl.UrlManagementApi\ShortUrl.UrlManagementApi.csproj", "{973F8248-CAB2-4445-8CEF-EDB59C69E339}"
EndProject
Project("{9A19103F-16F7-4668-BE54-9A1E7A4F7556}") = "ShortUrl.DataAccess.Sql", "ShortUrl.DataAccess.Sql\ShortUrl.DataAccess.Sql.csproj", "{6A8BB54F-8F5B-47F5-84F3-56C60B7AF958}"
EndProject
Project("{9A19103F-16F7-4668-BE54-9A1E7A4F7556}") = "ShortUrl.ManagementGui", "ShortUrl.ManagementGui\ShortUrl.ManagementGui.csproj", "{BEEF11F1-A52A-4AAF-9F7C-70149C6CD902}"
EndProject
Project("{9A19103F-16F7-4668-BE54-9A1E7A4F7556}") = "ShortUrl.IdentityServer", "ShortUrl.IdentityServer\ShortUrl.IdentityServer.csproj", "{0E5E4534-07A1-472B-8C8A-DA34CED758C2}"
EndProject
Project("{E53339B2-1760-4266-BCC7-CA923CBCF16C}") = "docker-compose", "docker-compose.dcproj", "{0812F904-AE74-4937-AA50-F7A674DEB33B}"
EndProject
Project("{9A19103F-16F7-4668-BE54-9A1E7A4F7556}") = "ShortUrl.DataAccess.Sql.MigrationHost", "ShortUrl.DataAccess.Sql.MigrationHost\ShortUrl.DataAccess.Sql.MigrationHost.csproj", "{A785E680-E543-4A7B-B58D-78B60168EEA1}"
EndProject
Project("{2150E333-8FDC-42A3-9474-1A3956D46DE8}") = "ArmTemplates", "ArmTemplates", "{F79C805C-FE21-47EA-A42A-82E59E0F469C}"
	ProjectSection(SolutionItems) = preProject
		appservice.template.json = appservice.template.json
		empty.parameters.json = empty.parameters.json
		empty.template.json = empty.template.json
		identityserver.parameters..json = identityserver.parameters..json
		identityserver.template.json = identityserver.template.json
		managementapi.parameters.json = managementapi.parameters.json
		windows.parameters.json = windows.parameters.json
		windows.template.json = windows.template.json
	EndProjectSection
EndProject
Project("{151D2E53-A2C4-4D7D-83FE-D05416EBD58E}") = "ShortUrl.AzureResourceGroup", "ShortUrl.AzureResourceGroup\ShortUrl.AzureResourceGroup.deployproj", "{B778184D-E595-4A5D-8ABB-59FA9A5CC64B}"
EndProject
Project("{2150E333-8FDC-42A3-9474-1A3956D46DE8}") = "Kubernetes", "Kubernetes", "{264B58D9-B205-41F5-857F-B5CCD2A2173C}"
	ProjectSection(SolutionItems) = preProject
		000_PullDemoImages.ps1 = 000_PullDemoImages.ps1
		001_InstallIstio.ps1 = 001_InstallIstio.ps1
		002_InstallDashboard.ps1 = 002_InstallDashboard.ps1
		010_namespace.yml = 010_namespace.yml
		020_gateway.yml = 020_gateway.yml
		030_sts.yml = 030_sts.yml
		040_zipkin.yml = 040_zipkin.yml
		050_database.yml = 050_database.yml
		060_redirectApi.yml = 060_redirectApi.yml
		070_managementApi.yml = 070_managementApi.yml
		080_adminWeb.yml = 080_adminWeb.yml
		900_OpenKiali.ps1 = 900_OpenKiali.ps1
		Delete.ps1 = Delete.ps1
		Deploy.ps1 = Deploy.ps1
		HostFilePath.txt = HostFilePath.txt
	EndProjectSection
EndProject
Global
	GlobalSection(SolutionConfigurationPlatforms) = preSolution
		Debug|Any CPU = Debug|Any CPU
		Release|Any CPU = Release|Any CPU
	EndGlobalSection
	GlobalSection(ProjectConfigurationPlatforms) = postSolution
		{DA8649A3-767F-403F-8D02-150C45FFA306}.Debug|Any CPU.ActiveCfg = Debug|Any CPU
		{DA8649A3-767F-403F-8D02-150C45FFA306}.Debug|Any CPU.Build.0 = Debug|Any CPU
		{DA8649A3-767F-403F-8D02-150C45FFA306}.Release|Any CPU.ActiveCfg = Release|Any CPU
		{DA8649A3-767F-403F-8D02-150C45FFA306}.Release|Any CPU.Build.0 = Release|Any CPU
		{973F8248-CAB2-4445-8CEF-EDB59C69E339}.Debug|Any CPU.ActiveCfg = Debug|Any CPU
		{973F8248-CAB2-4445-8CEF-EDB59C69E339}.Debug|Any CPU.Build.0 = Debug|Any CPU
		{973F8248-CAB2-4445-8CEF-EDB59C69E339}.Release|Any CPU.ActiveCfg = Release|Any CPU
		{973F8248-CAB2-4445-8CEF-EDB59C69E339}.Release|Any CPU.Build.0 = Release|Any CPU
		{6A8BB54F-8F5B-47F5-84F3-56C60B7AF958}.Debug|Any CPU.ActiveCfg = Debug|Any CPU
		{6A8BB54F-8F5B-47F5-84F3-56C60B7AF958}.Debug|Any CPU.Build.0 = Debug|Any CPU
		{6A8BB54F-8F5B-47F5-84F3-56C60B7AF958}.Release|Any CPU.ActiveCfg = Release|Any CPU
		{6A8BB54F-8F5B-47F5-84F3-56C60B7AF958}.Release|Any CPU.Build.0 = Release|Any CPU
		{BEEF11F1-A52A-4AAF-9F7C-70149C6CD902}.Debug|Any CPU.ActiveCfg = Debug|Any CPU
		{BEEF11F1-A52A-4AAF-9F7C-70149C6CD902}.Debug|Any CPU.Build.0 = Debug|Any CPU
		{BEEF11F1-A52A-4AAF-9F7C-70149C6CD902}.Release|Any CPU.ActiveCfg = Release|Any CPU
		{BEEF11F1-A52A-4AAF-9F7C-70149C6CD902}.Release|Any CPU.Build.0 = Release|Any CPU
		{0E5E4534-07A1-472B-8C8A-DA34CED758C2}.Debug|Any CPU.ActiveCfg = Debug|Any CPU
		{0E5E4534-07A1-472B-8C8A-DA34CED758C2}.Debug|Any CPU.Build.0 = Debug|Any CPU
		{0E5E4534-07A1-472B-8C8A-DA34CED758C2}.Release|Any CPU.ActiveCfg = Release|Any CPU
		{0E5E4534-07A1-472B-8C8A-DA34CED758C2}.Release|Any CPU.Build.0 = Release|Any CPU
		{0812F904-AE74-4937-AA50-F7A674DEB33B}.Debug|Any CPU.ActiveCfg = Debug|Any CPU
		{0812F904-AE74-4937-AA50-F7A674DEB33B}.Debug|Any CPU.Build.0 = Debug|Any CPU
		{0812F904-AE74-4937-AA50-F7A674DEB33B}.Release|Any CPU.ActiveCfg = Release|Any CPU
		{0812F904-AE74-4937-AA50-F7A674DEB33B}.Release|Any CPU.Build.0 = Release|Any CPU
		{A785E680-E543-4A7B-B58D-78B60168EEA1}.Debug|Any CPU.ActiveCfg = Debug|Any CPU
		{A785E680-E543-4A7B-B58D-78B60168EEA1}.Debug|Any CPU.Build.0 = Debug|Any CPU
		{A785E680-E543-4A7B-B58D-78B60168EEA1}.Release|Any CPU.ActiveCfg = Release|Any CPU
		{A785E680-E543-4A7B-B58D-78B60168EEA1}.Release|Any CPU.Build.0 = Release|Any CPU
		{B778184D-E595-4A5D-8ABB-59FA9A5CC64B}.Debug|Any CPU.ActiveCfg = Debug|Any CPU
		{B778184D-E595-4A5D-8ABB-59FA9A5CC64B}.Debug|Any CPU.Build.0 = Debug|Any CPU
		{B778184D-E595-4A5D-8ABB-59FA9A5CC64B}.Release|Any CPU.ActiveCfg = Release|Any CPU
		{B778184D-E595-4A5D-8ABB-59FA9A5CC64B}.Release|Any CPU.Build.0 = Release|Any CPU
	EndGlobalSection
	GlobalSection(SolutionProperties) = preSolution
		HideSolutionNode = FALSE
	EndGlobalSection
	GlobalSection(ExtensibilityGlobals) = postSolution
		SolutionGuid = {0F0211A5-C0C8-4FFA-9381-EEF2AB49E024}
	EndGlobalSection
EndGlobal
